<?xml version="1.0" encoding="utf-8"?>
<Project ToolsVersion="4.0" xmlns="http://schemas.microsoft.com/developer/msbuild/2003">
  <ItemGroup>
    <Filter Include="engine">
      <UniqueIdentifier>{FBDB78FB-E77D-A3D1-D038-B725BC792A22}</UniqueIdentifier>
    </Filter>
    <Filter Include="engine\events">
      <UniqueIdentifier>{9FF33A70-0BB4-B6A6-D4EE-FF23406EFB82}</UniqueIdentifier>
    </Filter>
    <Filter Include="platform">
      <UniqueIdentifier>{4A63C33C-3630-1E48-5F49-0CF04B7553D6}</UniqueIdentifier>
    </Filter>
    <Filter Include="platform\windows">
      <UniqueIdentifier>{A44FC440-9048-E392-B97A-C817A5D2C29E}</UniqueIdentifier>
    </Filter>
  </ItemGroup>
  <ItemGroup>
    <ClInclude Include="src\AxtEngine.h" />
    <ClInclude Include="src\engine\App.h">
      <Filter>engine</Filter>
    </ClInclude>
    <ClInclude Include="src\engine\Core.h">
      <Filter>engine</Filter>
    </ClInclude>
    <ClInclude Include="src\engine\EntryPoint.h">
      <Filter>engine</Filter>
    </ClInclude>
    <ClInclude Include="src\engine\Log.h">
      <Filter>engine</Filter>
    </ClInclude>
    <ClInclude Include="src\engine\Window.h">
      <Filter>engine</Filter>
    </ClInclude>
    <ClInclude Include="src\engine\events\Event.h">
      <Filter>engine\events</Filter>
    </ClInclude>
    <ClInclude Include="src\engine\events\KeyEvent.h">
      <Filter>engine\events</Filter>
    </ClInclude>
    <ClInclude Include="src\engine\events\MouseEvent.h">
      <Filter>engine\events</Filter>
    </ClInclude>
    <ClInclude Include="src\pch.h" />
    <ClInclude Include="src\platform\windows\WWindow.h">
      <Filter>platform\windows</Filter>
    </ClInclude>
    <ClInclude Include="src\engine\events\WindowEvent.h" />
  </ItemGroup>
  <ItemGroup>
    <ClCompile Include="src\engine\App.cpp">
      <Filter>engine</Filter>
    </ClCompile>
    <ClCompile Include="src\engine\Log.cpp">
      <Filter>engine</Filter>
    </ClCompile>
    <ClCompile Include="src\engine\events\Event.cpp">
      <Filter>engine\events</Filter>
    </ClCompile>
    <ClCompile Include="src\engine\events\KeyEvent.cpp">
      <Filter>engine\events</Filter>
    </ClCompile>
    <ClCompile Include="src\engine\events\MouseEvent.cpp">
      <Filter>engine\events</Filter>
    </ClCompile>
    <ClCompile Include="src\pch.cpp" />
    <ClCompile Include="src\platform\windows\WWindow.cpp">
      <Filter>platform\windows</Filter>
    </ClCompile>
    <ClCompile Include="src\engine\events\WindowEvent.cpp" />
  </ItemGroup>
</Project>