<?xml version="1.0" encoding="utf-8"?>
<Project ToolsVersion="4.0" xmlns="http://schemas.microsoft.com/developer/msbuild/2003">
  <ItemGroup>
    <Filter Include="engine">
      <UniqueIdentifier>{FBDB78FB-E77D-A3D1-D038-B725BC792A22}</UniqueIdentifier>
    </Filter>
    <Filter Include="engine\events">
      <UniqueIdentifier>{9FF33A70-0BB4-B6A6-D4EE-FF23406EFB82}</UniqueIdentifier>
    </Filter>
    <Filter Include="engine\gui">
      <UniqueIdentifier>{EFEC4784-DBA4-89D1-44AC-622D308324C2}</UniqueIdentifier>
    </Filter>
    <Filter Include="platform">
      <UniqueIdentifier>{4A63C33C-3630-1E48-5F49-0CF04B7553D6}</UniqueIdentifier>
    </Filter>
    <Filter Include="platform\OpenGL">
      <UniqueIdentifier>{3E351A86-AAC0-874A-B3D1-0A3F1FDCE34A}</UniqueIdentifier>
    </Filter>
    <Filter Include="platform\windows">
      <UniqueIdentifier>{A44FC440-9048-E392-B97A-C817A5D2C29E}</UniqueIdentifier>
    </Filter>
  </ItemGroup>
  <ItemGroup>
    <ClInclude Include="src\AxtEngine.h" />
    <ClInclude Include="src\axt\App.h">
      <Filter>engine</Filter>
    </ClInclude>
    <ClInclude Include="src\axt\Core.h">
      <Filter>engine</Filter>
    </ClInclude>
    <ClInclude Include="src\axt\EntryPoint.h">
      <Filter>engine</Filter>
    </ClInclude>
    <ClInclude Include="src\axt\Layer.h">
      <Filter>engine</Filter>
    </ClInclude>
    <ClInclude Include="src\axt\LayerStack.h">
      <Filter>engine</Filter>
    </ClInclude>
    <ClInclude Include="src\axt\Log.h">
      <Filter>engine</Filter>
    </ClInclude>
    <ClInclude Include="src\axt\Window.h">
      <Filter>engine</Filter>
    </ClInclude>
    <ClInclude Include="src\axt\events\Event.h">
      <Filter>engine\events</Filter>
    </ClInclude>
    <ClInclude Include="src\axt\events\KeyEvent.h">
      <Filter>engine\events</Filter>
    </ClInclude>
    <ClInclude Include="src\axt\events\MouseEvent.h">
      <Filter>engine\events</Filter>
    </ClInclude>
    <ClInclude Include="src\axt\events\WindowEvent.h">
      <Filter>engine\events</Filter>
    </ClInclude>
    <ClInclude Include="src\axt\gui\GuiLayer.h">
      <Filter>engine\gui</Filter>
    </ClInclude>
    <ClInclude Include="src\pch.h" />
    <ClInclude Include="src\platform\OpenGL\IGOGLRender.h">
      <Filter>platform\OpenGL</Filter>
    </ClInclude>
    <ClInclude Include="src\platform\windows\WWindow.h">
      <Filter>platform\windows</Filter>
    </ClInclude>
  </ItemGroup>
  <ItemGroup>
    <ClCompile Include="src\axt\App.cpp">
      <Filter>engine</Filter>
    </ClCompile>
    <ClCompile Include="src\axt\Layer.cpp">
      <Filter>engine</Filter>
    </ClCompile>
    <ClCompile Include="src\axt\LayerStack.cpp">
      <Filter>engine</Filter>
    </ClCompile>
    <ClCompile Include="src\axt\Log.cpp">
      <Filter>engine</Filter>
    </ClCompile>
    <ClCompile Include="src\axt\events\Event.cpp">
      <Filter>engine\events</Filter>
    </ClCompile>
    <ClCompile Include="src\axt\events\KeyEvent.cpp">
      <Filter>engine\events</Filter>
    </ClCompile>
    <ClCompile Include="src\axt\events\MouseEvent.cpp">
      <Filter>engine\events</Filter>
    </ClCompile>
    <ClCompile Include="src\axt\events\WindowEvent.cpp">
      <Filter>engine\events</Filter>
    </ClCompile>
    <ClCompile Include="src\axt\gui\GuiLayer.cpp">
      <Filter>engine\gui</Filter>
    </ClCompile>
    <ClCompile Include="src\pch.cpp" />
    <ClCompile Include="src\platform\OpenGL\IGOGLRender.cpp">
      <Filter>platform\OpenGL</Filter>
    </ClCompile>
    <ClCompile Include="src\platform\windows\WWindow.cpp">
      <Filter>platform\windows</Filter>
    </ClCompile>
  </ItemGroup>
</Project>